// !$*UTF8*$!
{
	archiveVersion = 1;
	classes = {
	};
	objectVersion = 46;
	objects = {

/* Begin PBXBuildFile section */
		9E180F3C1EED513F002C5455 /* main.m in Sources */ = {isa = PBXBuildFile; fileRef = 9E180F3B1EED513F002C5455 /* main.m */; };
		9E180F3F1EED513F002C5455 /* AppDelegate.m in Sources */ = {isa = PBXBuildFile; fileRef = 9E180F3E1EED513F002C5455 /* AppDelegate.m */; };
		9E180F421EED513F002C5455 /* ViewController.m in Sources */ = {isa = PBXBuildFile; fileRef = 9E180F411EED513F002C5455 /* ViewController.m */; };
		9E180F451EED5140002C5455 /* Main.storyboard in Resources */ = {isa = PBXBuildFile; fileRef = 9E180F431EED5140002C5455 /* Main.storyboard */; };
		9E180F471EED5140002C5455 /* Assets.xcassets in Resources */ = {isa = PBXBuildFile; fileRef = 9E180F461EED5140002C5455 /* Assets.xcassets */; };
		9E180F4A1EED5140002C5455 /* LaunchScreen.storyboard in Resources */ = {isa = PBXBuildFile; fileRef = 9E180F481EED5140002C5455 /* LaunchScreen.storyboard */; };
		9E180F531EED51B5002C5455 /* SecondViewController.m in Sources */ = {isa = PBXBuildFile; fileRef = 9E180F521EED51B5002C5455 /* SecondViewController.m */; };
		9E180F561EED51E4002C5455 /* WebKit.framework in Frameworks */ = {isa = PBXBuildFile; fileRef = 9E180F551EED51E4002C5455 /* WebKit.framework */; };
/* End PBXBuildFile section */

/* Begin PBXFileReference section */
		9E180F371EED513F002C5455 /* WebKitTest.app */ = {isa = PBXFileReference; explicitFileType = wrapper.application; includeInIndex = 0; path = WebKitTest.app; sourceTree = BUILT_PRODUCTS_DIR; };
		9E180F3B1EED513F002C5455 /* main.m */ = {isa = PBXFileReference; lastKnownFileType = sourcecode.c.objc; path = main.m; sourceTree = "<group>"; };
		9E180F3D1EED513F002C5455 /* AppDelegate.h */ = {isa = PBXFileReference; lastKnownFileType = sourcecode.c.h; path = AppDelegate.h; sourceTree = "<group>"; };
		9E180F3E1EED513F002C5455 /* AppDelegate.m */ = {isa = PBXFileReference; lastKnownFileType = sourcecode.c.objc; path = AppDelegate.m; sourceTree = "<group>"; };
		9E180F401EED513F002C5455 /* ViewController.h */ = {isa = PBXFileReference; lastKnownFileType = sourcecode.c.h; path = ViewController.h; sourceTree = "<group>"; };
		9E180F411EED513F002C5455 /* ViewController.m */ = {isa = PBXFileReference; lastKnownFileType = sourcecode.c.objc; path = ViewController.m; sourceTree = "<group>"; };
		9E180F441EED5140002C5455 /* Base */ = {isa = PBXFileReference; lastKnownFileType = file.storyboard; name = Base; path = Base.lproj/Main.storyboard; sourceTree = "<group>"; };
		9E180F461EED5140002C5455 /* Assets.xcassets */ = {isa = PBXFileReference; lastKnownFileType = folder.assetcatalog; path = Assets.xcassets; sourceTree = "<group>"; };
		9E180F491EED5140002C5455 /* Base */ = {isa = PBXFileReference; lastKnownFileType = file.storyboard; name = Base; path = Base.lproj/LaunchScreen.storyboard; sourceTree = "<group>"; };
		9E180F4B1EED5140002C5455 /* Info.plist */ = {isa = PBXFileReference; lastKnownFileType = text.plist.xml; path = Info.plist; sourceTree = "<group>"; };
		9E180F511EED51B5002C5455 /* SecondViewController.h */ = {isa = PBXFileReference; fileEncoding = 4; lastKnownFileType = sourcecode.c.h; path = SecondViewController.h; sourceTree = "<group>"; };
		9E180F521EED51B5002C5455 /* SecondViewController.m */ = {isa = PBXFileReference; fileEncoding = 4; lastKnownFileType = sourcecode.c.objc; path = SecondViewController.m; sourceTree = "<group>"; };
		9E180F551EED51E4002C5455 /* WebKit.framework */ = {isa = PBXFileReference; lastKnownFileType = wrapper.framework; name = WebKit.framework; path = System/Library/Frameworks/WebKit.framework; sourceTree = SDKROOT; };
/* End PBXFileReference section */

/* Begin PBXFrameworksBuildPhase section */
		9E180F341EED513F002C5455 /* Frameworks */ = {
			isa = PBXFrameworksBuildPhase;
			buildActionMask = 2147483647;
			files = (
				9E180F561EED51E4002C5455 /* WebKit.framework in Frameworks */,
			);
			runOnlyForDeploymentPostprocessing = 0;
		};
/* End PBXFrameworksBuildPhase section */

/* Begin PBXGroup section */
		9E180F2E1EED513F002C5455 = {
			isa = PBXGroup;
			children = (
				9E180F391EED513F002C5455 /* WebKitTest */,
				9E180F381EED513F002C5455 /* Products */,
				9E180F541EED51E4002C5455 /* Frameworks */,
			);
			sourceTree = "<group>";
		};
		9E180F381EED513F002C5455 /* Products */ = {
			isa = PBXGroup;
			children = (
				9E180F371EED513F002C5455 /* WebKitTest.app */,
			);
			name = Products;
			sourceTree = "<group>";
		};
		9E180F391EED513F002C5455 /* WebKitTest */ = {
			isa = PBXGroup;
			children = (
				9E180F3D1EED513F002C5455 /* AppDelegate.h */,
				9E180F3E1EED513F002C5455 /* AppDelegate.m */,
				9E180F401EED513F002C5455 /* ViewController.h */,
				9E180F411EED513F002C5455 /* ViewController.m */,
				9E180F511EED51B5002C5455 /* SecondViewController.h */,
				9E180F521EED51B5002C5455 /* SecondViewController.m */,
				9E180F431EED5140002C5455 /* Main.storyboard */,
				9E180F461EED5140002C5455 /* Assets.xcassets */,
				9E180F481EED5140002C5455 /* LaunchScreen.storyboard */,
				9E180F4B1EED5140002C5455 /* Info.plist */,
				9E180F3A1EED513F002C5455 /* Supporting Files */,
			);
			path = WebKitTest;
			sourceTree = "<group>";
		};
		9E180F3A1EED513F002C5455 /* Supporting Files */ = {
			isa = PBXGroup;
			children = (
				9E180F3B1EED513F002C5455 /* main.m */,
			);
			name = "Supporting Files";
			sourceTree = "<group>";
		};
		9E180F541EED51E4002C5455 /* Frameworks */ = {
			isa = PBXGroup;
			children = (
				9E180F551EED51E4002C5455 /* WebKit.framework */,
			);
			name = Frameworks;
			sourceTree = "<group>";
		};
/* End PBXGroup section */

/* Begin PBXNativeTarget section */
		9E180F361EED513F002C5455 /* WebKitTest */ = {
			isa = PBXNativeTarget;
			buildConfigurationList = 9E180F4E1EED5140002C5455 /* Build configuration list for PBXNativeTarget "WebKitTest" */;
			buildPhases = (
				9E180F331EED513F002C5455 /* Sources */,
				9E180F341EED513F002C5455 /* Frameworks */,
				9E180F351EED513F002C5455 /* Resources */,
			);
			buildRules = (
			);
			dependencies = (
			);
			name = WebKitTest;
			productName = WebKitTest;
			productReference = 9E180F371EED513F002C5455 /* WebKitTest.app */;
			productType = "com.apple.product-type.application";
		};
/* End PBXNativeTarget section */

/* Begin PBXProject section */
		9E180F2F1EED513F002C5455 /* Project object */ = {
			isa = PBXProject;
			attributes = {
				LastUpgradeCheck = 0830;
				ORGANIZATIONNAME = susnm;
				TargetAttributes = {
					9E180F361EED513F002C5455 = {
						CreatedOnToolsVersion = 8.3.2;
						DevelopmentTeam = PP4NMXFF5F;
						ProvisioningStyle = Automatic;
					};
				};
			};
			buildConfigurationList = 9E180F321EED513F002C5455 /* Build configuration list for PBXProject "WebKitTest" */;
			compatibilityVersion = "Xcode 3.2";
			developmentRegion = English;
			hasScannedForEncodings = 0;
			knownRegions = (
				en,
				Base,
			);
			mainGroup = 9E180F2E1EED513F002C5455;
			productRefGroup = 9E180F381EED513F002C5455 /* Products */;
			projectDirPath = "";
			projectRoot = "";
			targets = (
				9E180F361EED513F002C5455 /* WebKitTest */,
			);
		};
/* End PBXProject section */

/* Begin PBXResourcesBuildPhase section */
		9E180F351EED513F002C5455 /* Resources */ = {
			isa = PBXResourcesBuildPhase;
			buildActionMask = 2147483647;
			files = (
				9E180F4A1EED5140002C5455 /* LaunchScreen.storyboard in Resources */,
				9E180F471EED5140002C5455 /* Assets.xcassets in Resources */,
				9E180F451EED5140002C5455 /* Main.storyboard in Resources */,
			);
			runOnlyForDeploymentPostprocessing = 0;
		};
/* End PBXResourcesBuildPhase section */

/* Begin PBXSourcesBuildPhase section */
		9E180F331EED513F002C5455 /* Sources */ = {
			isa = PBXSourcesBuildPhase;
			buildActionMask = 2147483647;
			files = (
				9E180F531EED51B5002C5455 /* SecondViewController.m in Sources */,
				9E180F421EED513F002C5455 /* ViewController.m in Sources */,
				9E180F3F1EED513F002C5455 /* AppDelegate.m in Sources */,
				9E180F3C1EED513F002C5455 /* main.m in Sources */,
			);
			runOnlyForDeploymentPostprocessing = 0;
		};
/* End PBXSourcesBuildPhase section */

/* Begin PBXVariantGroup section */
		9E180F431EED5140002C5455 /* Main.storyboard */ = {
			isa = PBXVariantGroup;
			children = (
				9E180F441EED5140002C5455 /* Base */,
			);
			name = Main.storyboard;
			sourceTree = "<group>";
		};
		9E180F481EED5140002C5455 /* LaunchScreen.storyboard */ = {
			isa = PBXVariantGroup;
			children = (
				9E180F491EED5140002C5455 /* Base */,
			);
			name = LaunchScreen.storyboard;
			sourceTree = "<group>";
		};
/* End PBXVariantGroup section */

/* Begin XCBuildConfiguration section */
		9E180F4C1EED5140002C5455 /* Debug */ = {
			isa = XCBuildConfiguration;
			buildSettings = {
				ALWAYS_SEARCH_USER_PATHS = NO;
				CLANG_ANALYZER_NONNULL = YES;
				CLANG_ANALYZER_NUMBER_OBJECT_CONVERSION = YES_AGGRESSIVE;
				CLANG_CXX_LANGUAGE_STANDARD = "gnu++0x";
				CLANG_CXX_LIBRARY = "libc++";
				CLANG_ENABLE_MODULES = YES;
				CLANG_ENABLE_OBJC_ARC = YES;
				CLANG_WARN_BOOL_CONVERSION = YES;
				CLANG_WARN_CONSTANT_CONVERSION = YES;
				CLANG_WARN_DIRECT_OBJC_ISA_USAGE = YES_ERROR;
				CLANG_WARN_DOCUMENTATION_COMMENTS = YES;
				CLANG_WARN_EMPTY_BODY = YES;
				CLANG_WARN_ENUM_CONVERSION = YES;
				CLANG_WARN_INFINITE_RECURSION = YES;
				CLANG_WARN_INT_CONVERSION = YES;
				CLANG_WARN_OBJC_ROOT_CLASS = YES_ERROR;
				CLANG_WARN_SUSPICIOUS_MOVE = YES;
				CLANG_WARN_UNREACHABLE_CODE = YES;
				CLANG_WARN__DUPLICATE_METHOD_MATCH = YES;
				"CODE_SIGN_IDENTITY[sdk=iphoneos*]" = "iPhone Developer";
				COPY_PHASE_STRIP = NO;
				DEBUG_INFORMATION_FORMAT = dwarf;
				ENABLE_STRICT_OBJC_MSGSEND = YES;
				ENABLE_TESTABILITY = YES;
				GCC_C_LANGUAGE_STANDARD = gnu99;
				GCC_DYNAMIC_NO_PIC = NO;
				GCC_NO_COMMON_BLOCKS = YES;
				GCC_OPTIMIZATION_LEVEL = 0;
				GCC_PREPROCESSOR_DEFINITIONS = (
					"DEBUG=1",
					"$(inherited)",
				);
				GCC_WARN_64_TO_32_BIT_CONVERSION = YES;
				GCC_WARN_ABOUT_RETURN_TYPE = YES_ERROR;
				GCC_WARN_UNDECLARED_SELECTOR = YES;
				GCC_WARN_UNINITIALIZED_AUTOS = YES_AGGRESSIVE;
				GCC_WARN_UNUSED_FUNCTION = YES;
				GCC_WARN_UNUSED_VARIABLE = YES;
				IPHONEOS_DEPLOYMENT_TARGET = 10.3;
				MTL_ENABLE_DEBUG_INFO = YES;
				ONLY_ACTIVE_ARCH = YES;
				SDKROOT = iphoneos;
				TARGETED_DEVICE_FAMILY = "1,2";
			};
			name = Debug;
		};
		9E180F4D1EED5140002C5455 /* Release */ = {
			isa = XCBuildConfiguration;
			buildSettings = {
				ALWAYS_SEARCH_USER_PATHS = NO;
				CLANG_ANALYZER_NONNULL = YES;
				CLANG_ANALYZER_NUMBER_OBJECT_CONVERSION = YES_AGGRESSIVE;
				CLANG_CXX_LANGUAGE_STANDARD = "gnu++0x";
				CLANG_CXX_LIBRARY = "libc++";
				CLANG_ENABLE_MODULES = YES;
				CLANG_ENABLE_OBJC_ARC = YES;
				CLANG_WARN_BOOL_CONVERSION = YES;
				CLANG_WARN_CONSTANT_CONVERSION = YES;
				CLANG_WARN_DIRECT_OBJC_ISA_USAGE = YES_ERROR;
				CLANG_WARN_DOCUMENTATION_COMMENTS = YES;
				CLANG_WARN_EMPTY_BODY = YES;
				CLANG_WARN_ENUM_CONVERSION = YES;
				CLANG_WARN_INFINITE_RECURSION = YES;
				CLANG_WARN_INT_CONVERSION = YES;
				CLANG_WARN_OBJC_ROOT_CLASS = YES_ERROR;
				CLANG_WARN_SUSPICIOUS_MOVE = YES;
				CLANG_WARN_UNREACHABLE_CODE = YES;
				CLANG_WARN__DUPLICATE_METHOD_MATCH = YES;
				"CODE_SIGN_IDENTITY[sdk=iphoneos*]" = "iPhone Developer";
				COPY_PHASE_STRIP = NO;
				DEBUG_INFORMATION_FORMAT = "dwarf-with-dsym";
				ENABLE_NS_ASSERTIONS = NO;
				ENABLE_STRICT_OBJC_MSGSEND = YES;
				GCC_C_LANGUAGE_STANDARD = gnu99;
				GCC_NO_COMMON_BLOCKS = YES;
				GCC_WARN_64_TO_32_BIT_CONVERSION = YES;
				GCC_WARN_ABOUT_RETURN_TYPE = YES_ERROR;
				GCC_WARN_UNDECLARED_SELECTOR = YES;
				GCC_WARN_UNINITIALIZED_AUTOS = YES_AGGRESSIVE;
				GCC_WARN_UNUSED_FUNCTION = YES;
				GCC_WARN_UNUSED_VARIABLE = YES;
				IPHONEOS_DEPLOYMENT_TARGET = 10.3;
				MTL_ENABLE_DEBUG_INFO = NO;
				SDKROOT = iphoneos;
				TARGETED_DEVICE_FAMILY = "1,2";
				VALIDATE_PRODUCT = YES;
			};
			name = Release;
		};
		9E180F4F1EED5140002C5455 /* Debug */ = {
			isa = XCBuildConfiguration;
			buildSettings = {
				ASSETCATALOG_COMPILER_APPICON_NAME = AppIcon;
				DEVELOPMENT_TEAM = PP4NMXFF5F;
				INFOPLIST_FILE = WebKitTest/Info.plist;
				IPHONEOS_DEPLOYMENT_TARGET = 9.2;
				LD_RUNPATH_SEARCH_PATHS = "$(inherited) @executable_path/Frameworks";
				PRODUCT_BUNDLE_IDENTIFIER = com.susnm.WebKitTest;
				PRODUCT_NAME = "$(TARGET_NAME)";
			};
			name = Debug;
		};
		9E180F501EED5140002C5455 /* Release */ = {
			isa = XCBuildConfiguration;
			buildSettings = {
				ASSETCATALOG_COMPILER_APPICON_NAME = AppIcon;
				DEVELOPMENT_TEAM = PP4NMXFF5F;
				INFOPLIST_FILE = WebKitTest/Info.plist;
				IPHONEOS_DEPLOYMENT_TARGET = 9.2;
				LD_RUNPATH_SEARCH_PATHS = "$(inherited) @executable_path/Frameworks";
				PRODUCT_BUNDLE_IDENTIFIER = com.susnm.WebKitTest;
				PRODUCT_NAME = "$(TARGET_NAME)";
			};
			name = Release;
		};
/* End XCBuildConfiguration section */

/* Begin XCConfigurationList section */
		9E180F321EED513F002C5455 /* Build configuration list for PBXProject "WebKitTest" */ = {
			isa = XCConfigurationList;
			buildConfigurations = (
				9E180F4C1EED5140002C5455 /* Debug */,
				9E180F4D1EED5140002C5455 /* Release */,
			);
			defaultConfigurationIsVisible = 0;
			defaultConfigurationName = Release;
		};
		9E180F4E1EED5140002C5455 /* Build configuration list for PBXNativeTarget "WebKitTest" */ = {
			isa = XCConfigurationList;
			buildConfigurations = (
				9E180F4F1EED5140002C5455 /* Debug */,
				9E180F501EED5140002C5455 /* Release */,
			);
			defaultConfigurationIsVisible = 0;
		};
/* End XCConfigurationList section */
	};
	rootObject = 9E180F2F1EED513F002C5455 /* Project object */;
}
